
Microsoft Visual Studio Solution File, Format Version 12.00
# Visual Studio Version 16
VisualStudioVersion = 16.0.30621.155
MinimumVisualStudioVersion = 10.0.40219.1
Project("{FAE04EC0-301F-11D3-BF4B-00C04F79EFBC}") = "Geometri2020", "Geometri2020\Geometri2020.csproj", "{522D1A33-9E4D-4F2F-AED9-127BBCF1A11F}"
EndProject
Global
	GlobalSection(SolutionConfigurationPlatforms) = preSolution
		Debug|Any CPU = Debug|Any CPU
		Release|Any CPU = Release|Any CPU
	EndGlobalSection
	GlobalSection(ProjectConfigurationPlatforms) = postSolution
		{522D1A33-9E4D-4F2F-AED9-127BBCF1A11F}.Debug|Any CPU.ActiveCfg = Debug|Any CPU
		{522D1A33-9E4D-4F2F-AED9-127BBCF1A11F}.Debug|Any CPU.Build.0 = Debug|Any CPU
		{522D1A33-9E4D-4F2F-AED9-127BBCF1A11F}.Release|Any CPU.ActiveCfg = Release|Any CPU
		{522D1A33-9E4D-4F2F-AED9-127BBCF1A11F}.Release|Any CPU.Build.0 = Release|Any CPU
	EndGlobalSection
	GlobalSection(SolutionProperties) = preSolution
		HideSolutionNode = FALSE
	EndGlobalSection
	GlobalSection(ExtensibilityGlobals) = postSolution
		SolutionGuid = {364BD6F1-3923-42C7-AEC1-EC69D6E39BCC}
	EndGlobalSection
EndGlobal
